{
  "lib/contracts": {
    "rev": "bce75f985558fad3d06ee1b86f224f0cfb783631"
  },
  "lib/forge-std": {
    "rev": "0844d7e1fc5e60d77b68e469bff60265f236c398"
  },
  "lib/lattice": {
    "rev": "67286554aa8f9e7d5dfd6c298fcddf76de0e6bf5"
  },
  "lib/openzeppelin-contracts-upgradeable": {
    "rev": "7bf4727aacdbfaa0f36cbd664654d0c9e1dc52bf"
  },
  "lib/solady": {
    "rev": "90db92ce173856605d24a554969f2c67cadbc7e9"
  }
}