{
  "lib/contracts": {
    "rev": "bce75f985558fad3d06ee1b86f224f0cfb783631"
  },
  "lib/diamond-lib": {
    "rev": "f1dfda3a56ce134326a1914fdb2039abb2625c02"
  },
  "lib/forge-std": {
    "rev": "551a2d30d7fecba7092ab45a587b5268149a48fb"
  },
  "lib/openzeppelin-contracts-upgradeable": {
    "rev": "e725abddf1e01cf05ace496e950fc8e243cc7cab"
  },
  "lib/solady": {
    "rev": "208e4f31cfae26e4983eb95c3488a14fdc497ad7"
  }
}