{
  "lib/contracts": {
    "rev": "bce75f985558fad3d06ee1b86f224f0cfb783631"
  },
  "lib/forge-std": {
    "rev": "620536fa5277db4e3fd46772d5cbc1ea0696fb43"
  },
  "lib/lattice": {
    "rev": "67286554aa8f9e7d5dfd6c298fcddf76de0e6bf5"
  },
  "lib/openzeppelin-contracts-upgradeable": {
    "rev": "7bf4727aacdbfaa0f36cbd664654d0c9e1dc52bf"
  },
  "lib/solady": {
    "rev": "cedd7936a11807acd819c9f6acf48fdcefee3f73"
  }
}
